[[package]]
name = "aenum"
version = "3.0.0"
description = "Advanced Enumerations (compatible with Python's stdlib Enum), NamedTuples, and NamedConstants"
category = "main"
optional = false
python-versions = "*"

[[package]]
name = "labelgun"
version = "0.1.8"
description = "Library to define system events"
category = "main"
optional = false
python-versions = "^3.6"
develop = false

[package.dependencies]
aenum = "^3.0.0"
python-json-logger = {version = "~2.0", optional = true}
structlog = {version = "~20 || ~21", optional = true}

[package.extras]
logger = ["python-json-logger (>=2.0,<2.1)", "structlog (>=20,<22)"]

[package.source]
type = "git"
url = "https://gitlab.usetech.ru/pub/labelgun.git"
reference = "0.1.8"
resolved_reference = "5489024f8ca1c53f0c4d147fdfbfb4c0b2696263"

[[package]]
name = "python-json-logger"
version = "2.0.1"
description = "A python library adding a json log formatter"
category = "main"
optional = false
python-versions = ">=3.4"

[[package]]
name = "structlog"
version = "21.1.0"
description = "Structured Logging for Python"
category = "main"
optional = false
python-versions = ">=3.6"

[package.extras]
dev = ["coverage", "freezegun (>=0.2.8)", "pretend", "pytest-asyncio", "pytest-randomly", "pytest (>=6.0)", "simplejson", "furo", "sphinx", "sphinx-toolbox", "twisted", "pre-commit"]
docs = ["furo", "sphinx", "sphinx-toolbox", "twisted"]
tests = ["coverage", "freezegun (>=0.2.8)", "pretend", "pytest-asyncio", "pytest-randomly", "pytest (>=6.0)", "simplejson"]

[metadata]
lock-version = "1.1"
python-versions = "^3.8"
content-hash = "d47fa836c616c44b0285cfc28c84ed6770298450fa5a9687aab41deb14118b84"

[metadata.files]
aenum = [
    {file = "aenum-3.0.0-py2-none-any.whl", hash = "sha256:701c4fecd4c5237ed5ab80a18930a0ebe26a8c729a21e1b7302197a3f430da7c"},
    {file = "aenum-3.0.0-py3-none-any.whl", hash = "sha256:58b899111b3fa9f9569e30c6305b07308f5b0dfdbbd2a9b9f01e8e08def7fdbb"},
    {file = "aenum-3.0.0.tar.gz", hash = "sha256:17cd8cfed1ee4b617198c9fabbabd70ebd8f01e54ac29cd6c3a92df14bd86656"},
]
labelgun = []
python-json-logger = [
    {file = "python-json-logger-2.0.1.tar.gz", hash = "sha256:f26eea7898db40609563bed0a7ca11af12e2a79858632706d835a0f961b7d398"},
]
structlog = [
    {file = "structlog-21.1.0-py2.py3-none-any.whl", hash = "sha256:62f06fc0ee32fb8580f0715eea66cb87271eb7efb0eaf9af6b639cba8981de47"},
    {file = "structlog-21.1.0.tar.gz", hash = "sha256:d9d2d890532e8db83c6977a2a676fb1889922ff0c26ad4dc0ecac26f9fafbc57"},
]
